
Microsoft Visual Studio Solution File, Format Version 12.00
# Visual Studio 15
VisualStudioVersion = 15.0.28307.329
MinimumVisualStudioVersion = 10.0.40219.1
Project("{FAE04EC0-301F-11D3-BF4B-00C04F79EFBC}") = "SmartHome-Server", "SmartHome-Server\SmartHome-Server.csproj", "{470CB9C4-98E0-481F-8B86-667A193D3AFB}"
EndProject
Global
	GlobalSection(SolutionConfigurationPlatforms) = preSolution
		Debug|Any CPU = Debug|Any CPU
		Release|Any CPU = Release|Any CPU
	EndGlobalSection
	GlobalSection(ProjectConfigurationPlatforms) = postSolution
		{470CB9C4-98E0-481F-8B86-667A193D3AFB}.Debug|Any CPU.ActiveCfg = Debug|Any CPU
		{470CB9C4-98E0-481F-8B86-667A193D3AFB}.Debug|Any CPU.Build.0 = Debug|Any CPU
		{470CB9C4-98E0-481F-8B86-667A193D3AFB}.Release|Any CPU.ActiveCfg = Release|Any CPU
		{470CB9C4-98E0-481F-8B86-667A193D3AFB}.Release|Any CPU.Build.0 = Release|Any CPU
	EndGlobalSection
	GlobalSection(SolutionProperties) = preSolution
		HideSolutionNode = FALSE
	EndGlobalSection
	GlobalSection(ExtensibilityGlobals) = postSolution
		SolutionGuid = {BF6EA351-F842-4945-95AE-E3046D241ED7}
	EndGlobalSection
EndGlobal
