
Microsoft Visual Studio Solution File, Format Version 12.00
# Visual Studio Version 17
VisualStudioVersion = 17.9.34728.123
MinimumVisualStudioVersion = 10.0.40219.1
Project("{9A19103F-16F7-4668-BE54-9A1E7A4F7556}") = "SmartHome-Server", "SmartHome-Server\SmartHome-Server.csproj", "{470CB9C4-98E0-481F-8B86-667A193D3AFB}"
EndProject
Project("{2150E333-8FDC-42A3-9474-1A3956D46DE8}") = "Elementy rozwiązania", "Elementy rozwiązania", "{3CFD0799-E60A-4376-8A85-6A830A9EA4FD}"
	ProjectSection(SolutionItems) = preProject
		LICENSE = LICENSE
	EndProjectSection
EndProject
Global
	GlobalSection(SolutionConfigurationPlatforms) = preSolution
		Debug|Any CPU = Debug|Any CPU
		Release|Any CPU = Release|Any CPU
	EndGlobalSection
	GlobalSection(ProjectConfigurationPlatforms) = postSolution
		{470CB9C4-98E0-481F-8B86-667A193D3AFB}.Debug|Any CPU.ActiveCfg = Debug|Any CPU
		{470CB9C4-98E0-481F-8B86-667A193D3AFB}.Debug|Any CPU.Build.0 = Debug|Any CPU
		{470CB9C4-98E0-481F-8B86-667A193D3AFB}.Release|Any CPU.ActiveCfg = Release|Any CPU
		{470CB9C4-98E0-481F-8B86-667A193D3AFB}.Release|Any CPU.Build.0 = Release|Any CPU
	EndGlobalSection
	GlobalSection(SolutionProperties) = preSolution
		HideSolutionNode = FALSE
	EndGlobalSection
	GlobalSection(ExtensibilityGlobals) = postSolution
		SolutionGuid = {BF6EA351-F842-4945-95AE-E3046D241ED7}
	EndGlobalSection
EndGlobal
